
Microsoft Visual Studio Solution File, Format Version 12.00
# Visual Studio Version 17
VisualStudioVersion = 17.13.35931.197 d17.13
MinimumVisualStudioVersion = 10.0.40219.1
Project("{FAE04EC0-301F-11D3-BF4B-00C04F79EFBC}") = "Tracker", "Tracker\Tracker.csproj", "{6B3A1A80-5F28-4FE9-89D9-CF22A963AD5D}"
EndProject
Global
	GlobalSection(SolutionConfigurationPlatforms) = preSolution
		Debug|Any CPU = Debug|Any CPU
		Release|Any CPU = Release|Any CPU
	EndGlobalSection
	GlobalSection(ProjectConfigurationPlatforms) = postSolution
		{6B3A1A80-5F28-4FE9-89D9-CF22A963AD5D}.Debug|Any CPU.ActiveCfg = Debug|Any CPU
		{6B3A1A80-5F28-4FE9-89D9-CF22A963AD5D}.Debug|Any CPU.Build.0 = Debug|Any CPU
		{6B3A1A80-5F28-4FE9-89D9-CF22A963AD5D}.Release|Any CPU.ActiveCfg = Release|Any CPU
		{6B3A1A80-5F28-4FE9-89D9-CF22A963AD5D}.Release|Any CPU.Build.0 = Release|Any CPU
	EndGlobalSection
	GlobalSection(SolutionProperties) = preSolution
		HideSolutionNode = FALSE
	EndGlobalSection
	GlobalSection(ExtensibilityGlobals) = postSolution
		SolutionGuid = {FFF5AF30-B330-496D-BE24-26BE13C7C14E}
	EndGlobalSection
EndGlobal
